
Microsoft Visual Studio Solution File, Format Version 12.00
# Visual Studio Version 16
VisualStudioVersion = 16.0.30128.74
MinimumVisualStudioVersion = 10.0.40219.1
Project("{FAE04EC0-301F-11D3-BF4B-00C04F79EFBC}") = "MergeJson", "MergeJson\MergeJson.csproj", "{D6EFEA6D-1B7A-4319-8D6F-87BD2F790A87}"
EndProject
Global
	GlobalSection(SolutionConfigurationPlatforms) = preSolution
		Debug|Any CPU = Debug|Any CPU
		Release|Any CPU = Release|Any CPU
	EndGlobalSection
	GlobalSection(ProjectConfigurationPlatforms) = postSolution
		{D6EFEA6D-1B7A-4319-8D6F-87BD2F790A87}.Debug|Any CPU.ActiveCfg = Debug|Any CPU
		{D6EFEA6D-1B7A-4319-8D6F-87BD2F790A87}.Debug|Any CPU.Build.0 = Debug|Any CPU
		{D6EFEA6D-1B7A-4319-8D6F-87BD2F790A87}.Release|Any CPU.ActiveCfg = Release|Any CPU
		{D6EFEA6D-1B7A-4319-8D6F-87BD2F790A87}.Release|Any CPU.Build.0 = Release|Any CPU
	EndGlobalSection
	GlobalSection(SolutionProperties) = preSolution
		HideSolutionNode = FALSE
	EndGlobalSection
	GlobalSection(ExtensibilityGlobals) = postSolution
		SolutionGuid = {7271913F-F935-49E2-8EBE-6D181957452B}
	EndGlobalSection
EndGlobal
